
Microsoft Visual Studio Solution File, Format Version 12.00
# Visual Studio Version 16
VisualStudioVersion = 16.0.32002.261
MinimumVisualStudioVersion = 10.0.40219.1
Project("{FAE04EC0-301F-11D3-BF4B-00C04F79EFBC}") = "WCFService_2Way_20190140017", "WCFService_2Way_20190140017\WCFService_2Way_20190140017.csproj", "{261F9857-1A5C-40E9-8301-BA5EB535ABD8}"
EndProject
Global
	GlobalSection(SolutionConfigurationPlatforms) = preSolution
		Debug|Any CPU = Debug|Any CPU
		Release|Any CPU = Release|Any CPU
	EndGlobalSection
	GlobalSection(ProjectConfigurationPlatforms) = postSolution
		{261F9857-1A5C-40E9-8301-BA5EB535ABD8}.Debug|Any CPU.ActiveCfg = Debug|Any CPU
		{261F9857-1A5C-40E9-8301-BA5EB535ABD8}.Debug|Any CPU.Build.0 = Debug|Any CPU
		{261F9857-1A5C-40E9-8301-BA5EB535ABD8}.Release|Any CPU.ActiveCfg = Release|Any CPU
		{261F9857-1A5C-40E9-8301-BA5EB535ABD8}.Release|Any CPU.Build.0 = Release|Any CPU
	EndGlobalSection
	GlobalSection(SolutionProperties) = preSolution
		HideSolutionNode = FALSE
	EndGlobalSection
	GlobalSection(ExtensibilityGlobals) = postSolution
		SolutionGuid = {F5A59D7A-994E-4FA9-A622-5A42F8E456A4}
	EndGlobalSection
EndGlobal
